PODS:
  - AliyunOSSiOS (2.10.4)
  - GPUImage (0.1.7)
  - GTMBase64 (1.0.1)
  - GuoanCommunitySDK (0.9.3):
    - AliyunOSSiOS (~> 2.10.2)
    - GTMBase64 (~> 1.0.1)
    - ZLPhotoBrowser (~> 2.6.7)
  - SDWebImage (4.4.1):
    - SDWebImage/Core (= 4.4.1)
  - SDWebImage/Core (4.4.1)
  - ZLPhotoBrowser (2.6.9):
    - GPUImage
    - SDWebImage

DEPENDENCIES:
  - GuoanCommunitySDK

SPEC REPOS:
  https://github.com/cocoapods/specs.git:
    - AliyunOSSiOS
    - GPUImage
    - GTMBase64
    - GuoanCommunitySDK
    - SDWebImage
    - ZLPhotoBrowser

SPEC CHECKSUMS:
  AliyunOSSiOS: e5dcdba99963ca6b43fea863cead49423c5d4c75
  GPUImage: 733a5f0fab92df9de1c37ba9df520a833ccb406d
  GTMBase64: f0f91be06a7a20b84c8e4fee30c0430395091d82
  GuoanCommunitySDK: 37259864c12b9c4b1a1c60192090c2684c531528
  SDWebImage: 47e9b5b925cbce75946c23f0c42dd19464189af4
  ZLPhotoBrowser: 51658cca9fdd7a81415cf061cd929b7fa410ac21

PODFILE CHECKSUM: bb5513b20a09e7cb6c8d55b5b703c180b84b0efa

COCOAPODS: 1.5.3
