PODS:
  - AliyunOSSiOS (2.9.2)
  - GTMBase64 (1.0.1)
  - GuoanCommunitySDK (0.6.0):
    - AliyunOSSiOS (~> 2.9.2)
    - GTMBase64 (~> 1.0.1)
    - ZLPhotoBrowser (~> 2.6.5)
  - SDWebImage (4.3.3):
    - SDWebImage/Core (= 4.3.3)
  - SDWebImage/Core (4.3.3)
  - ZLPhotoBrowser (2.6.5):
    - SDWebImage

DEPENDENCIES:
  - GuoanCommunitySDK

SPEC REPOS:
  https://github.com/CocoaPods/Specs.git:
    - AliyunOSSiOS
    - GTMBase64
    - GuoanCommunitySDK
    - SDWebImage
    - ZLPhotoBrowser

SPEC CHECKSUMS:
  AliyunOSSiOS: 0396d0483f7c83edc34e748b0ae17ffa0d7adc8d
  GTMBase64: f0f91be06a7a20b84c8e4fee30c0430395091d82
  GuoanCommunitySDK: 1f10275fb541d2da871657577c1eeefac6406f89
  SDWebImage: de4d90b5bff3571eae7bd16202b1f43135409fa5
  ZLPhotoBrowser: e11d54c47cea4c06fb082d73c11d76497a61b929

PODFILE CHECKSUM: aceee1717c5eb1d9d4a18e1f88aee5cb874357bc

COCOAPODS: 1.5.0
