PODS:
  - AliyunOSSiOS (2.10.2)
  - GTMBase64 (1.0.1)
  - GuoanCommunitySDK (0.9.0):
    - AliyunOSSiOS (~> 2.10.2)
    - GTMBase64 (~> 1.0.1)
    - ZLPhotoBrowser (~> 2.6.7)
  - SDWebImage (4.3.3):
    - SDWebImage/Core (= 4.3.3)
  - SDWebImage/Core (4.3.3)
  - ZLPhotoBrowser (2.6.7):
    - SDWebImage

DEPENDENCIES:
  - GuoanCommunitySDK

SPEC REPOS:
  https://github.com/CocoaPods/Specs.git:
    - AliyunOSSiOS
    - GTMBase64
    - GuoanCommunitySDK
    - SDWebImage
    - ZLPhotoBrowser

SPEC CHECKSUMS:
  AliyunOSSiOS: bf4b78956c08340db0ca6c2fc5a697c9d1508dc0
  GTMBase64: f0f91be06a7a20b84c8e4fee30c0430395091d82
  GuoanCommunitySDK: 8991d3edf507d1ba336eb5d24735f83e49b92812
  SDWebImage: de4d90b5bff3571eae7bd16202b1f43135409fa5
  ZLPhotoBrowser: 269024f75e741b077b04cb6bed419f2429e6e3f0

PODFILE CHECKSUM: aceee1717c5eb1d9d4a18e1f88aee5cb874357bc

COCOAPODS: 1.5.0
